PODS:
  - AMap3DMap (4.1.0):
    - AMapFoundation (~> 1.1)
  - AMapFoundation (1.2.0)
  - AMapSearch (4.2.0):
    - AMapFoundation (~> 1.0)

DEPENDENCIES:
  - AMap3DMap (~> 4.1.0)
  - AMapSearch

SPEC CHECKSUMS:
  AMap3DMap: 048e1ef05ce87a486d6bf4f09a4e2285356b3a16
  AMapFoundation: 8acc2bf4eed79aab4d21002ddb8b24a6f3f3621c
  AMapSearch: 788020fca7ed18819e8bc2bfca716a6775a05ada

PODFILE CHECKSUM: 7ed134dfb139666478a4c9ffd78d96b2ebfdb31f

COCOAPODS: 1.0.1
